// !$*UTF8*$!
{
	archiveVersion = 1;
	classes = {
	};
	objectVersion = 46;
	objects = {

/* Begin PBXBuildFile section */
		7D50B8911B2B83CD003C8156 /* AppDelegate.swift in Sources */ = {isa = PBXBuildFile; fileRef = 7D50B8901B2B83CD003C8156 /* AppDelegate.swift */; };
		7D50B8941B2B83CD003C8156 /* shudenkun.xcdatamodeld in Sources */ = {isa = PBXBuildFile; fileRef = 7D50B8921B2B83CD003C8156 /* shudenkun.xcdatamodeld */; };
		7D50B8961B2B83CD003C8156 /* ViewController.swift in Sources */ = {isa = PBXBuildFile; fileRef = 7D50B8951B2B83CD003C8156 /* ViewController.swift */; };
		7D50B8991B2B83CD003C8156 /* Main.storyboard in Resources */ = {isa = PBXBuildFile; fileRef = 7D50B8971B2B83CD003C8156 /* Main.storyboard */; };
		7D50B89B1B2B83CD003C8156 /* Images.xcassets in Resources */ = {isa = PBXBuildFile; fileRef = 7D50B89A1B2B83CD003C8156 /* Images.xcassets */; };
		7D50B89E1B2B83CD003C8156 /* LaunchScreen.xib in Resources */ = {isa = PBXBuildFile; fileRef = 7D50B89C1B2B83CD003C8156 /* LaunchScreen.xib */; };
		7D50B8AA1B2B83CD003C8156 /* shudenkunTests.swift in Sources */ = {isa = PBXBuildFile; fileRef = 7D50B8A91B2B83CD003C8156 /* shudenkunTests.swift */; };
		8A3B16BF7F69AD2B61161A6B /* Pods.framework in Frameworks */ = {isa = PBXBuildFile; fileRef = 6BF44EE465BB108463DA024F /* Pods.framework */; settings = {ATTRIBUTES = (Weak, ); }; };
/* End PBXBuildFile section */

/* Begin PBXContainerItemProxy section */
		7D50B8A41B2B83CD003C8156 /* PBXContainerItemProxy */ = {
			isa = PBXContainerItemProxy;
			containerPortal = 7D50B8831B2B83CD003C8156 /* Project object */;
			proxyType = 1;
			remoteGlobalIDString = 7D50B88A1B2B83CD003C8156;
			remoteInfo = shudenkun;
		};
/* End PBXContainerItemProxy section */

/* Begin PBXFileReference section */
		12EFDF2084054FCD4457E4FF /* Pods.debug.xcconfig */ = {isa = PBXFileReference; includeInIndex = 1; lastKnownFileType = text.xcconfig; name = Pods.debug.xcconfig; path = "Pods/Target Support Files/Pods/Pods.debug.xcconfig"; sourceTree = "<group>"; };
		2282122BE900ACA5DB543564 /* Pods.release.xcconfig */ = {isa = PBXFileReference; includeInIndex = 1; lastKnownFileType = text.xcconfig; name = Pods.release.xcconfig; path = "Pods/Target Support Files/Pods/Pods.release.xcconfig"; sourceTree = "<group>"; };
		6BF44EE465BB108463DA024F /* Pods.framework */ = {isa = PBXFileReference; explicitFileType = wrapper.framework; includeInIndex = 0; path = Pods.framework; sourceTree = BUILT_PRODUCTS_DIR; };
		7D50B88B1B2B83CD003C8156 /* shudenkun.app */ = {isa = PBXFileReference; explicitFileType = wrapper.application; includeInIndex = 0; path = shudenkun.app; sourceTree = BUILT_PRODUCTS_DIR; };
		7D50B88F1B2B83CD003C8156 /* Info.plist */ = {isa = PBXFileReference; lastKnownFileType = text.plist.xml; path = Info.plist; sourceTree = "<group>"; };
		7D50B8901B2B83CD003C8156 /* AppDelegate.swift */ = {isa = PBXFileReference; lastKnownFileType = sourcecode.swift; path = AppDelegate.swift; sourceTree = "<group>"; };
		7D50B8931B2B83CD003C8156 /* shudenkun.xcdatamodel */ = {isa = PBXFileReference; lastKnownFileType = wrapper.xcdatamodel; path = shudenkun.xcdatamodel; sourceTree = "<group>"; };
		7D50B8951B2B83CD003C8156 /* ViewController.swift */ = {isa = PBXFileReference; lastKnownFileType = sourcecode.swift; path = ViewController.swift; sourceTree = "<group>"; };
		7D50B8981B2B83CD003C8156 /* Base */ = {isa = PBXFileReference; lastKnownFileType = file.storyboard; name = Base; path = Base.lproj/Main.storyboard; sourceTree = "<group>"; };
		7D50B89A1B2B83CD003C8156 /* Images.xcassets */ = {isa = PBXFileReference; lastKnownFileType = folder.assetcatalog; path = Images.xcassets; sourceTree = "<group>"; };
		7D50B89D1B2B83CD003C8156 /* Base */ = {isa = PBXFileReference; lastKnownFileType = file.xib; name = Base; path = Base.lproj/LaunchScreen.xib; sourceTree = "<group>"; };
		7D50B8A31B2B83CD003C8156 /* shudenkunTests.xctest */ = {isa = PBXFileReference; explicitFileType = wrapper.cfbundle; includeInIndex = 0; path = shudenkunTests.xctest; sourceTree = BUILT_PRODUCTS_DIR; };
		7D50B8A81B2B83CD003C8156 /* Info.plist */ = {isa = PBXFileReference; lastKnownFileType = text.plist.xml; path = Info.plist; sourceTree = "<group>"; };
		7D50B8A91B2B83CD003C8156 /* shudenkunTests.swift */ = {isa = PBXFileReference; lastKnownFileType = sourcecode.swift; path = shudenkunTests.swift; sourceTree = "<group>"; };
/* End PBXFileReference section */

/* Begin PBXFrameworksBuildPhase section */
		7D50B8881B2B83CD003C8156 /* Frameworks */ = {
			isa = PBXFrameworksBuildPhase;
			buildActionMask = 2147483647;
			files = (
				8A3B16BF7F69AD2B61161A6B /* Pods.framework in Frameworks */,
			);
			runOnlyForDeploymentPostprocessing = 0;
		};
		7D50B8A01B2B83CD003C8156 /* Frameworks */ = {
			isa = PBXFrameworksBuildPhase;
			buildActionMask = 2147483647;
			files = (
			);
			runOnlyForDeploymentPostprocessing = 0;
		};
/* End PBXFrameworksBuildPhase section */

/* Begin PBXGroup section */
		3C9B1CE3DF1948F6F5B07137 /* Frameworks */ = {
			isa = PBXGroup;
			children = (
				6BF44EE465BB108463DA024F /* Pods.framework */,
			);
			name = Frameworks;
			sourceTree = "<group>";
		};
		7D50B8821B2B83CD003C8156 = {
			isa = PBXGroup;
			children = (
				7D50B88D1B2B83CD003C8156 /* shudenkun */,
				7D50B8A61B2B83CD003C8156 /* shudenkunTests */,
				7D50B88C1B2B83CD003C8156 /* Products */,
				9E47C153CA89E66856A4C2B2 /* Pods */,
				3C9B1CE3DF1948F6F5B07137 /* Frameworks */,
			);
			sourceTree = "<group>";
		};
		7D50B88C1B2B83CD003C8156 /* Products */ = {
			isa = PBXGroup;
			children = (
				7D50B88B1B2B83CD003C8156 /* shudenkun.app */,
				7D50B8A31B2B83CD003C8156 /* shudenkunTests.xctest */,
			);
			name = Products;
			sourceTree = "<group>";
		};
		7D50B88D1B2B83CD003C8156 /* shudenkun */ = {
			isa = PBXGroup;
			children = (
				7D50B8901B2B83CD003C8156 /* AppDelegate.swift */,
				7D50B8951B2B83CD003C8156 /* ViewController.swift */,
				7D50B8971B2B83CD003C8156 /* Main.storyboard */,
				7D50B89A1B2B83CD003C8156 /* Images.xcassets */,
				7D50B89C1B2B83CD003C8156 /* LaunchScreen.xib */,
				7D50B8921B2B83CD003C8156 /* shudenkun.xcdatamodeld */,
				7D50B88E1B2B83CD003C8156 /* Supporting Files */,
			);
			path = shudenkun;
			sourceTree = "<group>";
		};
		7D50B88E1B2B83CD003C8156 /* Supporting Files */ = {
			isa = PBXGroup;
			children = (
				7D50B88F1B2B83CD003C8156 /* Info.plist */,
			);
			name = "Supporting Files";
			sourceTree = "<group>";
		};
		7D50B8A61B2B83CD003C8156 /* shudenkunTests */ = {
			isa = PBXGroup;
			children = (
				7D50B8A91B2B83CD003C8156 /* shudenkunTests.swift */,
				7D50B8A71B2B83CD003C8156 /* Supporting Files */,
			);
			path = shudenkunTests;
			sourceTree = "<group>";
		};
		7D50B8A71B2B83CD003C8156 /* Supporting Files */ = {
			isa = PBXGroup;
			children = (
				7D50B8A81B2B83CD003C8156 /* Info.plist */,
			);
			name = "Supporting Files";
			sourceTree = "<group>";
		};
		9E47C153CA89E66856A4C2B2 /* Pods */ = {
			isa = PBXGroup;
			children = (
				12EFDF2084054FCD4457E4FF /* Pods.debug.xcconfig */,
				2282122BE900ACA5DB543564 /* Pods.release.xcconfig */,
			);
			name = Pods;
			sourceTree = "<group>";
		};
/* End PBXGroup section */

/* Begin PBXNativeTarget section */
		7D50B88A1B2B83CD003C8156 /* shudenkun */ = {
			isa = PBXNativeTarget;
			buildConfigurationList = 7D50B8AD1B2B83CD003C8156 /* Build configuration list for PBXNativeTarget "shudenkun" */;
			buildPhases = (
				25FC1C5457D9A2B432A5D7F6 /* Check Pods Manifest.lock */,
				7D50B8871B2B83CD003C8156 /* Sources */,
				7D50B8881B2B83CD003C8156 /* Frameworks */,
				7D50B8891B2B83CD003C8156 /* Resources */,
				A44542CEA75AB5297E36B2DB /* Embed Pods Frameworks */,
				B5BF12557C2F928A33865868 /* Copy Pods Resources */,
			);
			buildRules = (
			);
			dependencies = (
			);
			name = shudenkun;
			productName = shudenkun;
			productReference = 7D50B88B1B2B83CD003C8156 /* shudenkun.app */;
			productType = "com.apple.product-type.application";
		};
		7D50B8A21B2B83CD003C8156 /* shudenkunTests */ = {
			isa = PBXNativeTarget;
			buildConfigurationList = 7D50B8B01B2B83CD003C8156 /* Build configuration list for PBXNativeTarget "shudenkunTests" */;
			buildPhases = (
				7D50B89F1B2B83CD003C8156 /* Sources */,
				7D50B8A01B2B83CD003C8156 /* Frameworks */,
				7D50B8A11B2B83CD003C8156 /* Resources */,
			);
			buildRules = (
			);
			dependencies = (
				7D50B8A51B2B83CD003C8156 /* PBXTargetDependency */,
			);
			name = shudenkunTests;
			productName = shudenkunTests;
			productReference = 7D50B8A31B2B83CD003C8156 /* shudenkunTests.xctest */;
			productType = "com.apple.product-type.bundle.unit-test";
		};
/* End PBXNativeTarget section */

/* Begin PBXProject section */
		7D50B8831B2B83CD003C8156 /* Project object */ = {
			isa = PBXProject;
			attributes = {
				LastUpgradeCheck = 0630;
				ORGANIZATIONNAME = m18dev;
				TargetAttributes = {
					7D50B88A1B2B83CD003C8156 = {
						CreatedOnToolsVersion = 6.3.1;
					};
					7D50B8A21B2B83CD003C8156 = {
						CreatedOnToolsVersion = 6.3.1;
						TestTargetID = 7D50B88A1B2B83CD003C8156;
					};
				};
			};
			buildConfigurationList = 7D50B8861B2B83CD003C8156 /* Build configuration list for PBXProject "shudenkun" */;
			compatibilityVersion = "Xcode 3.2";
			developmentRegion = English;
			hasScannedForEncodings = 0;
			knownRegions = (
				en,
				Base,
			);
			mainGroup = 7D50B8821B2B83CD003C8156;
			productRefGroup = 7D50B88C1B2B83CD003C8156 /* Products */;
			projectDirPath = "";
			projectRoot = "";
			targets = (
				7D50B88A1B2B83CD003C8156 /* shudenkun */,
				7D50B8A21B2B83CD003C8156 /* shudenkunTests */,
			);
		};
/* End PBXProject section */

/* Begin PBXResourcesBuildPhase section */
		7D50B8891B2B83CD003C8156 /* Resources */ = {
			isa = PBXResourcesBuildPhase;
			buildActionMask = 2147483647;
			files = (
				7D50B8991B2B83CD003C8156 /* Main.storyboard in Resources */,
				7D50B89E1B2B83CD003C8156 /* LaunchScreen.xib in Resources */,
				7D50B89B1B2B83CD003C8156 /* Images.xcassets in Resources */,
			);
			runOnlyForDeploymentPostprocessing = 0;
		};
		7D50B8A11B2B83CD003C8156 /* Resources */ = {
			isa = PBXResourcesBuildPhase;
			buildActionMask = 2147483647;
			files = (
			);
			runOnlyForDeploymentPostprocessing = 0;
		};
/* End PBXResourcesBuildPhase section */

/* Begin PBXShellScriptBuildPhase section */
		25FC1C5457D9A2B432A5D7F6 /* Check Pods Manifest.lock */ = {
			isa = PBXShellScriptBuildPhase;
			buildActionMask = 2147483647;
			files = (
			);
			inputPaths = (
			);
			name = "Check Pods Manifest.lock";
			outputPaths = (
			);
			runOnlyForDeploymentPostprocessing = 0;
			shellPath = /bin/sh;
			shellScript = "diff \"${PODS_ROOT}/../Podfile.lock\" \"${PODS_ROOT}/Manifest.lock\" > /dev/null\nif [[ $? != 0 ]] ; then\n    cat << EOM\nerror: The sandbox is not in sync with the Podfile.lock. Run 'pod install' or update your CocoaPods installation.\nEOM\n    exit 1\nfi\n";
			showEnvVarsInLog = 0;
		};
		A44542CEA75AB5297E36B2DB /* Embed Pods Frameworks */ = {
			isa = PBXShellScriptBuildPhase;
			buildActionMask = 2147483647;
			files = (
			);
			inputPaths = (
			);
			name = "Embed Pods Frameworks";
			outputPaths = (
			);
			runOnlyForDeploymentPostprocessing = 0;
			shellPath = /bin/sh;
			shellScript = "\"${SRCROOT}/Pods/Target Support Files/Pods/Pods-frameworks.sh\"\n";
			showEnvVarsInLog = 0;
		};
		B5BF12557C2F928A33865868 /* Copy Pods Resources */ = {
			isa = PBXShellScriptBuildPhase;
			buildActionMask = 2147483647;
			files = (
			);
			inputPaths = (
			);
			name = "Copy Pods Resources";
			outputPaths = (
			);
			runOnlyForDeploymentPostprocessing = 0;
			shellPath = /bin/sh;
			shellScript = "\"${SRCROOT}/Pods/Target Support Files/Pods/Pods-resources.sh\"\n";
			showEnvVarsInLog = 0;
		};
/* End PBXShellScriptBuildPhase section */

/* Begin PBXSourcesBuildPhase section */
		7D50B8871B2B83CD003C8156 /* Sources */ = {
			isa = PBXSourcesBuildPhase;
			buildActionMask = 2147483647;
			files = (
				7D50B8961B2B83CD003C8156 /* ViewController.swift in Sources */,
				7D50B8911B2B83CD003C8156 /* AppDelegate.swift in Sources */,
				7D50B8941B2B83CD003C8156 /* shudenkun.xcdatamodeld in Sources */,
			);
			runOnlyForDeploymentPostprocessing = 0;
		};
		7D50B89F1B2B83CD003C8156 /* Sources */ = {
			isa = PBXSourcesBuildPhase;
			buildActionMask = 2147483647;
			files = (
				7D50B8AA1B2B83CD003C8156 /* shudenkunTests.swift in Sources */,
			);
			runOnlyForDeploymentPostprocessing = 0;
		};
/* End PBXSourcesBuildPhase section */

/* Begin PBXTargetDependency section */
		7D50B8A51B2B83CD003C8156 /* PBXTargetDependency */ = {
			isa = PBXTargetDependency;
			target = 7D50B88A1B2B83CD003C8156 /* shudenkun */;
			targetProxy = 7D50B8A41B2B83CD003C8156 /* PBXContainerItemProxy */;
		};
/* End PBXTargetDependency section */

/* Begin PBXVariantGroup section */
		7D50B8971B2B83CD003C8156 /* Main.storyboard */ = {
			isa = PBXVariantGroup;
			children = (
				7D50B8981B2B83CD003C8156 /* Base */,
			);
			name = Main.storyboard;
			sourceTree = "<group>";
		};
		7D50B89C1B2B83CD003C8156 /* LaunchScreen.xib */ = {
			isa = PBXVariantGroup;
			children = (
				7D50B89D1B2B83CD003C8156 /* Base */,
			);
			name = LaunchScreen.xib;
			sourceTree = "<group>";
		};
/* End PBXVariantGroup section */

/* Begin XCBuildConfiguration section */
		7D50B8AB1B2B83CD003C8156 /* Debug */ = {
			isa = XCBuildConfiguration;
			buildSettings = {
				ALWAYS_SEARCH_USER_PATHS = NO;
				CLANG_CXX_LANGUAGE_STANDARD = "gnu++0x";
				CLANG_CXX_LIBRARY = "libc++";
				CLANG_ENABLE_MODULES = YES;
				CLANG_ENABLE_OBJC_ARC = YES;
				CLANG_WARN_BOOL_CONVERSION = YES;
				CLANG_WARN_CONSTANT_CONVERSION = YES;
				CLANG_WARN_DIRECT_OBJC_ISA_USAGE = YES_ERROR;
				CLANG_WARN_EMPTY_BODY = YES;
				CLANG_WARN_ENUM_CONVERSION = YES;
				CLANG_WARN_INT_CONVERSION = YES;
				CLANG_WARN_OBJC_ROOT_CLASS = YES_ERROR;
				CLANG_WARN_UNREACHABLE_CODE = YES;
				CLANG_WARN__DUPLICATE_METHOD_MATCH = YES;
				"CODE_SIGN_IDENTITY[sdk=iphoneos*]" = "iPhone Developer";
				COPY_PHASE_STRIP = NO;
				DEBUG_INFORMATION_FORMAT = "dwarf-with-dsym";
				ENABLE_STRICT_OBJC_MSGSEND = YES;
				GCC_C_LANGUAGE_STANDARD = gnu99;
				GCC_DYNAMIC_NO_PIC = NO;
				GCC_NO_COMMON_BLOCKS = YES;
				GCC_OPTIMIZATION_LEVEL = 0;
				GCC_PREPROCESSOR_DEFINITIONS = (
					"DEBUG=1",
					"$(inherited)",
				);
				GCC_SYMBOLS_PRIVATE_EXTERN = NO;
				GCC_WARN_64_TO_32_BIT_CONVERSION = YES;
				GCC_WARN_ABOUT_RETURN_TYPE = YES_ERROR;
				GCC_WARN_UNDECLARED_SELECTOR = YES;
				GCC_WARN_UNINITIALIZED_AUTOS = YES_AGGRESSIVE;
				GCC_WARN_UNUSED_FUNCTION = YES;
				GCC_WARN_UNUSED_VARIABLE = YES;
				IPHONEOS_DEPLOYMENT_TARGET = 8.3;
				MTL_ENABLE_DEBUG_INFO = YES;
				ONLY_ACTIVE_ARCH = YES;
				SDKROOT = iphoneos;
				SWIFT_OPTIMIZATION_LEVEL = "-Onone";
			};
			name = Debug;
		};
		7D50B8AC1B2B83CD003C8156 /* Release */ = {
			isa = XCBuildConfiguration;
			buildSettings = {
				ALWAYS_SEARCH_USER_PATHS = NO;
				CLANG_CXX_LANGUAGE_STANDARD = "gnu++0x";
				CLANG_CXX_LIBRARY = "libc++";
				CLANG_ENABLE_MODULES = YES;
				CLANG_ENABLE_OBJC_ARC = YES;
				CLANG_WARN_BOOL_CONVERSION = YES;
				CLANG_WARN_CONSTANT_CONVERSION = YES;
				CLANG_WARN_DIRECT_OBJC_ISA_USAGE = YES_ERROR;
				CLANG_WARN_EMPTY_BODY = YES;
				CLANG_WARN_ENUM_CONVERSION = YES;
				CLANG_WARN_INT_CONVERSION = YES;
				CLANG_WARN_OBJC_ROOT_CLASS = YES_ERROR;
				CLANG_WARN_UNREACHABLE_CODE = YES;
				CLANG_WARN__DUPLICATE_METHOD_MATCH = YES;
				"CODE_SIGN_IDENTITY[sdk=iphoneos*]" = "iPhone Developer";
				COPY_PHASE_STRIP = NO;
				DEBUG_INFORMATION_FORMAT = "dwarf-with-dsym";
				ENABLE_NS_ASSERTIONS = NO;
				ENABLE_STRICT_OBJC_MSGSEND = YES;
				GCC_C_LANGUAGE_STANDARD = gnu99;
				GCC_NO_COMMON_BLOCKS = YES;
				GCC_WARN_64_TO_32_BIT_CONVERSION = YES;
				GCC_WARN_ABOUT_RETURN_TYPE = YES_ERROR;
				GCC_WARN_UNDECLARED_SELECTOR = YES;
				GCC_WARN_UNINITIALIZED_AUTOS = YES_AGGRESSIVE;
				GCC_WARN_UNUSED_FUNCTION = YES;
				GCC_WARN_UNUSED_VARIABLE = YES;
				IPHONEOS_DEPLOYMENT_TARGET = 8.3;
				MTL_ENABLE_DEBUG_INFO = NO;
				SDKROOT = iphoneos;
				VALIDATE_PRODUCT = YES;
			};
			name = Release;
		};
		7D50B8AE1B2B83CD003C8156 /* Debug */ = {
			isa = XCBuildConfiguration;
			baseConfigurationReference = 12EFDF2084054FCD4457E4FF /* Pods.debug.xcconfig */;
			buildSettings = {
				ASSETCATALOG_COMPILER_APPICON_NAME = AppIcon;
				INFOPLIST_FILE = shudenkun/Info.plist;
				IPHONEOS_DEPLOYMENT_TARGET = 8.2;
				LD_RUNPATH_SEARCH_PATHS = "$(inherited) @executable_path/Frameworks";
				PRODUCT_NAME = "$(TARGET_NAME)";
			};
			name = Debug;
		};
		7D50B8AF1B2B83CD003C8156 /* Release */ = {
			isa = XCBuildConfiguration;
			baseConfigurationReference = 2282122BE900ACA5DB543564 /* Pods.release.xcconfig */;
			buildSettings = {
				ASSETCATALOG_COMPILER_APPICON_NAME = AppIcon;
				INFOPLIST_FILE = shudenkun/Info.plist;
				IPHONEOS_DEPLOYMENT_TARGET = 8.2;
				LD_RUNPATH_SEARCH_PATHS = "$(inherited) @executable_path/Frameworks";
				PRODUCT_NAME = "$(TARGET_NAME)";
			};
			name = Release;
		};
		7D50B8B11B2B83CD003C8156 /* Debug */ = {
			isa = XCBuildConfiguration;
			buildSettings = {
				BUNDLE_LOADER = "$(TEST_HOST)";
				FRAMEWORK_SEARCH_PATHS = (
					"$(SDKROOT)/Developer/Library/Frameworks",
					"$(inherited)",
				);
				GCC_PREPROCESSOR_DEFINITIONS = (
					"DEBUG=1",
					"$(inherited)",
				);
				INFOPLIST_FILE = shudenkunTests/Info.plist;
				LD_RUNPATH_SEARCH_PATHS = "$(inherited) @executable_path/Frameworks @loader_path/Frameworks";
				PRODUCT_NAME = "$(TARGET_NAME)";
				TEST_HOST = "$(BUILT_PRODUCTS_DIR)/shudenkun.app/shudenkun";
			};
			name = Debug;
		};
		7D50B8B21B2B83CD003C8156 /* Release */ = {
			isa = XCBuildConfiguration;
			buildSettings = {
				BUNDLE_LOADER = "$(TEST_HOST)";
				FRAMEWORK_SEARCH_PATHS = (
					"$(SDKROOT)/Developer/Library/Frameworks",
					"$(inherited)",
				);
				INFOPLIST_FILE = shudenkunTests/Info.plist;
				LD_RUNPATH_SEARCH_PATHS = "$(inherited) @executable_path/Frameworks @loader_path/Frameworks";
				PRODUCT_NAME = "$(TARGET_NAME)";
				TEST_HOST = "$(BUILT_PRODUCTS_DIR)/shudenkun.app/shudenkun";
			};
			name = Release;
		};
/* End XCBuildConfiguration section */

/* Begin XCConfigurationList section */
		7D50B8861B2B83CD003C8156 /* Build configuration list for PBXProject "shudenkun" */ = {
			isa = XCConfigurationList;
			buildConfigurations = (
				7D50B8AB1B2B83CD003C8156 /* Debug */,
				7D50B8AC1B2B83CD003C8156 /* Release */,
			);
			defaultConfigurationIsVisible = 0;
			defaultConfigurationName = Release;
		};
		7D50B8AD1B2B83CD003C8156 /* Build configuration list for PBXNativeTarget "shudenkun" */ = {
			isa = XCConfigurationList;
			buildConfigurations = (
				7D50B8AE1B2B83CD003C8156 /* Debug */,
				7D50B8AF1B2B83CD003C8156 /* Release */,
			);
			defaultConfigurationIsVisible = 0;
			defaultConfigurationName = Release;
		};
		7D50B8B01B2B83CD003C8156 /* Build configuration list for PBXNativeTarget "shudenkunTests" */ = {
			isa = XCConfigurationList;
			buildConfigurations = (
				7D50B8B11B2B83CD003C8156 /* Debug */,
				7D50B8B21B2B83CD003C8156 /* Release */,
			);
			defaultConfigurationIsVisible = 0;
			defaultConfigurationName = Release;
		};
/* End XCConfigurationList section */

/* Begin XCVersionGroup section */
		7D50B8921B2B83CD003C8156 /* shudenkun.xcdatamodeld */ = {
			isa = XCVersionGroup;
			children = (
				7D50B8931B2B83CD003C8156 /* shudenkun.xcdatamodel */,
			);
			currentVersion = 7D50B8931B2B83CD003C8156 /* shudenkun.xcdatamodel */;
			path = shudenkun.xcdatamodeld;
			sourceTree = "<group>";
			versionGroupType = wrapper.xcdatamodel;
		};
/* End XCVersionGroup section */
	};
	rootObject = 7D50B8831B2B83CD003C8156 /* Project object */;
}
